
Microsoft Visual Studio Solution File, Format Version 12.00
# Visual Studio 14
VisualStudioVersion = 14.0.25420.1
MinimumVisualStudioVersion = 10.0.40219.1
Project("{FAE04EC0-301F-11D3-BF4B-00C04F79EFBC}") = "firstNoRepeatingChar", "firstNoRepeatingChar\firstNoRepeatingChar.csproj", "{75542BA7-FC1D-44FE-BE56-5332F978BBFD}"
EndProject
Global
	GlobalSection(SolutionConfigurationPlatforms) = preSolution
		Debug|Any CPU = Debug|Any CPU
		Release|Any CPU = Release|Any CPU
	EndGlobalSection
	GlobalSection(ProjectConfigurationPlatforms) = postSolution
		{75542BA7-FC1D-44FE-BE56-5332F978BBFD}.Debug|Any CPU.ActiveCfg = Debug|Any CPU
		{75542BA7-FC1D-44FE-BE56-5332F978BBFD}.Debug|Any CPU.Build.0 = Debug|Any CPU
		{75542BA7-FC1D-44FE-BE56-5332F978BBFD}.Release|Any CPU.ActiveCfg = Release|Any CPU
		{75542BA7-FC1D-44FE-BE56-5332F978BBFD}.Release|Any CPU.Build.0 = Release|Any CPU
	EndGlobalSection
	GlobalSection(SolutionProperties) = preSolution
		HideSolutionNode = FALSE
	EndGlobalSection
EndGlobal
